
Microsoft Visual Studio Solution File, Format Version 12.00
# Visual Studio Version 17
VisualStudioVersion = 17.9.34728.123
MinimumVisualStudioVersion = 10.0.40219.1
Project("{FAE04EC0-301F-11D3-BF4B-00C04F79EFBC}") = "VitalNutri_2", "VitalNutri_2\VitalNutri_2.csproj", "{DA9A66DF-8FC0-4670-B3F4-D3480EBA262B}"
EndProject
Global
	GlobalSection(SolutionConfigurationPlatforms) = preSolution
		Debug|Any CPU = Debug|Any CPU
		Release|Any CPU = Release|Any CPU
	EndGlobalSection
	GlobalSection(ProjectConfigurationPlatforms) = postSolution
		{DA9A66DF-8FC0-4670-B3F4-D3480EBA262B}.Debug|Any CPU.ActiveCfg = Debug|Any CPU
		{DA9A66DF-8FC0-4670-B3F4-D3480EBA262B}.Debug|Any CPU.Build.0 = Debug|Any CPU
		{DA9A66DF-8FC0-4670-B3F4-D3480EBA262B}.Release|Any CPU.ActiveCfg = Release|Any CPU
		{DA9A66DF-8FC0-4670-B3F4-D3480EBA262B}.Release|Any CPU.Build.0 = Release|Any CPU
	EndGlobalSection
	GlobalSection(SolutionProperties) = preSolution
		HideSolutionNode = FALSE
	EndGlobalSection
	GlobalSection(ExtensibilityGlobals) = postSolution
		SolutionGuid = {84910696-72F2-450E-8D67-56D49730F9A6}
	EndGlobalSection
EndGlobal
